// !$*UTF8*$!
{
	archiveVersion = 1;
	classes = {
	};
	objectVersion = 46;
	objects = {

/* Begin PBXBuildFile section */
		2C0A8C741EB78595005B8090 /* R.generated.swift in Sources */ = {isa = PBXBuildFile; fileRef = 2C0A8C731EB78595005B8090 /* R.generated.swift */; };
		2C1F1B5B1EAFBC7C002626B7 /* AppDelegate.swift in Sources */ = {isa = PBXBuildFile; fileRef = 2C1F1B5A1EAFBC7C002626B7 /* AppDelegate.swift */; };
		2C1F1B601EAFBC7C002626B7 /* Main.storyboard in Resources */ = {isa = PBXBuildFile; fileRef = 2C1F1B5E1EAFBC7C002626B7 /* Main.storyboard */; };
		2C1F1B631EAFBC7C002626B7 /* tomato_do.xcdatamodeld in Sources */ = {isa = PBXBuildFile; fileRef = 2C1F1B611EAFBC7C002626B7 /* tomato_do.xcdatamodeld */; };
		2C1F1B651EAFBC7C002626B7 /* Assets.xcassets in Resources */ = {isa = PBXBuildFile; fileRef = 2C1F1B641EAFBC7C002626B7 /* Assets.xcassets */; };
		2C1F1B681EAFBC7C002626B7 /* LaunchScreen.storyboard in Resources */ = {isa = PBXBuildFile; fileRef = 2C1F1B661EAFBC7C002626B7 /* LaunchScreen.storyboard */; };
		2CDDABC21EB77D2F007E20A4 /* AddTaskViewController.swift in Sources */ = {isa = PBXBuildFile; fileRef = 2CDDABC11EB77D2F007E20A4 /* AddTaskViewController.swift */; };
		A726ABD41F054D770012E0EF /* MiniPomodoroCollectionView.swift in Sources */ = {isa = PBXBuildFile; fileRef = A726ABD31F054D770012E0EF /* MiniPomodoroCollectionView.swift */; };
		A72BDACF1F0274B600657922 /* MiniPomodoroView.swift in Sources */ = {isa = PBXBuildFile; fileRef = A72BDACE1F0274B600657922 /* MiniPomodoroView.swift */; };
		A72FF9051F2B84E000D1F01B /* SpeechRecognitionController.swift in Sources */ = {isa = PBXBuildFile; fileRef = A72FF9041F2B84E000D1F01B /* SpeechRecognitionController.swift */; };
		A7351A481EC5BD2500117057 /* TableViewCell.swift in Sources */ = {isa = PBXBuildFile; fileRef = A7351A471EC5BD2500117057 /* TableViewCell.swift */; };
		A75008A11ECC38B7007E26BC /* CoreDataManager.swift in Sources */ = {isa = PBXBuildFile; fileRef = A75008A01ECC38B7007E26BC /* CoreDataManager.swift */; };
		A751448B1F15324C00EA1AD5 /* UIView + Extensions.swift in Sources */ = {isa = PBXBuildFile; fileRef = A751448A1F15324C00EA1AD5 /* UIView + Extensions.swift */; };
		A751448F1F164B1700EA1AD5 /* Localizable.strings in Resources */ = {isa = PBXBuildFile; fileRef = A75144911F164B1700EA1AD5 /* Localizable.strings */; };
		A754A0B91F07A1DB007381B5 /* State.swift in Sources */ = {isa = PBXBuildFile; fileRef = A754A0B81F07A1DB007381B5 /* State.swift */; };
		A75611491EC4943D0019BEC3 /* ClockView.swift in Sources */ = {isa = PBXBuildFile; fileRef = A75611481EC4943D0019BEC3 /* ClockView.swift */; };
		A761602E1EC4512600616AE0 /* PomodoroViewController.swift in Sources */ = {isa = PBXBuildFile; fileRef = A761602D1EC4512600616AE0 /* PomodoroViewController.swift */; };
		A77B12F61F1C9A8900D26F5C /* GradientView.swift in Sources */ = {isa = PBXBuildFile; fileRef = A77B12F51F1C9A8900D26F5C /* GradientView.swift */; };
		A77B12F81F1CAE3700D26F5C /* PomodoroCountPickerView.swift in Sources */ = {isa = PBXBuildFile; fileRef = A77B12F71F1CAE3700D26F5C /* PomodoroCountPickerView.swift */; };
		A77FFA061F1378FE00A2B4A3 /* SettingViewController.swift in Sources */ = {isa = PBXBuildFile; fileRef = A77FFA051F1378FE00A2B4A3 /* SettingViewController.swift */; };
		A77FFA081F138C0A00A2B4A3 /* Settings.swift in Sources */ = {isa = PBXBuildFile; fileRef = A77FFA071F138C0A00A2B4A3 /* Settings.swift */; };
		A77FFA0A1F13CFE700A2B4A3 /* NavBar + Extension.swift in Sources */ = {isa = PBXBuildFile; fileRef = A77FFA091F13CFE600A2B4A3 /* NavBar + Extension.swift */; };
		A78CFE021F20E7AA0001892C /* endClockSound.mp3 in Resources */ = {isa = PBXBuildFile; fileRef = A78CFE001F20E7AA0001892C /* endClockSound.mp3 */; };
		A78CFE031F20E7AA0001892C /* tickingSound.mp3 in Resources */ = {isa = PBXBuildFile; fileRef = A78CFE011F20E7AA0001892C /* tickingSound.mp3 */; };
		A797FD771F06544F006E234A /* Constants.swift in Sources */ = {isa = PBXBuildFile; fileRef = A797FD761F06544F006E234A /* Constants.swift */; };
		A79CB44E1F18B6BA00F6F126 /* PlannedPomodoroView.swift in Sources */ = {isa = PBXBuildFile; fileRef = A79CB44D1F18B6BA00F6F126 /* PlannedPomodoroView.swift */; };
		A7DA017F1ECAC7C000623CB8 /* Array + Extensions.swift in Sources */ = {isa = PBXBuildFile; fileRef = A7DA017E1ECAC7C000623CB8 /* Array + Extensions.swift */; };
		A7FE09C81F1E3588001F0DC2 /* NotificationCenter + Extensions.swift in Sources */ = {isa = PBXBuildFile; fileRef = A7FE09C71F1E3588001F0DC2 /* NotificationCenter + Extensions.swift */; };
		FDA05B59E8D1B7C400F3DCAB /* Pods_tomato_do.framework in Frameworks */ = {isa = PBXBuildFile; fileRef = F1F41601C2C9B1A6FF37725A /* Pods_tomato_do.framework */; };
/* End PBXBuildFile section */

/* Begin PBXFileReference section */
		2C0A8C731EB78595005B8090 /* R.generated.swift */ = {isa = PBXFileReference; fileEncoding = 4; lastKnownFileType = sourcecode.swift; name = R.generated.swift; path = ../R.generated.swift; sourceTree = "<group>"; };
		2C1F1B571EAFBC7C002626B7 /* tomato-do.app */ = {isa = PBXFileReference; explicitFileType = wrapper.application; includeInIndex = 0; path = "tomato-do.app"; sourceTree = BUILT_PRODUCTS_DIR; };
		2C1F1B5A1EAFBC7C002626B7 /* AppDelegate.swift */ = {isa = PBXFileReference; lastKnownFileType = sourcecode.swift; path = AppDelegate.swift; sourceTree = "<group>"; };
		2C1F1B5F1EAFBC7C002626B7 /* Base */ = {isa = PBXFileReference; lastKnownFileType = file.storyboard; name = Base; path = Base.lproj/Main.storyboard; sourceTree = "<group>"; };
		2C1F1B621EAFBC7C002626B7 /* tomato_do.xcdatamodel */ = {isa = PBXFileReference; lastKnownFileType = wrapper.xcdatamodel; path = tomato_do.xcdatamodel; sourceTree = "<group>"; };
		2C1F1B641EAFBC7C002626B7 /* Assets.xcassets */ = {isa = PBXFileReference; lastKnownFileType = folder.assetcatalog; path = Assets.xcassets; sourceTree = "<group>"; };
		2C1F1B671EAFBC7C002626B7 /* Base */ = {isa = PBXFileReference; lastKnownFileType = file.storyboard; name = Base; path = Base.lproj/LaunchScreen.storyboard; sourceTree = "<group>"; };
		2C1F1B691EAFBC7C002626B7 /* Info.plist */ = {isa = PBXFileReference; lastKnownFileType = text.plist.xml; path = Info.plist; sourceTree = "<group>"; };
		2CDDABC11EB77D2F007E20A4 /* AddTaskViewController.swift */ = {isa = PBXFileReference; fileEncoding = 4; lastKnownFileType = sourcecode.swift; path = AddTaskViewController.swift; sourceTree = "<group>"; };
		3F0A32F4B32C77566D66D4BB /* Pods-tomato-do.debug.xcconfig */ = {isa = PBXFileReference; includeInIndex = 1; lastKnownFileType = text.xcconfig; name = "Pods-tomato-do.debug.xcconfig"; path = "Pods/Target Support Files/Pods-tomato-do/Pods-tomato-do.debug.xcconfig"; sourceTree = "<group>"; };
		85374693008CB05A7CEAC851 /* Pods-tomato-do.release.xcconfig */ = {isa = PBXFileReference; includeInIndex = 1; lastKnownFileType = text.xcconfig; name = "Pods-tomato-do.release.xcconfig"; path = "Pods/Target Support Files/Pods-tomato-do/Pods-tomato-do.release.xcconfig"; sourceTree = "<group>"; };
		A726ABD31F054D770012E0EF /* MiniPomodoroCollectionView.swift */ = {isa = PBXFileReference; fileEncoding = 4; lastKnownFileType = sourcecode.swift; path = MiniPomodoroCollectionView.swift; sourceTree = "<group>"; };
		A72BDACE1F0274B600657922 /* MiniPomodoroView.swift */ = {isa = PBXFileReference; fileEncoding = 4; lastKnownFileType = sourcecode.swift; path = MiniPomodoroView.swift; sourceTree = "<group>"; };
		A72FF9041F2B84E000D1F01B /* SpeechRecognitionController.swift */ = {isa = PBXFileReference; fileEncoding = 4; lastKnownFileType = sourcecode.swift; path = SpeechRecognitionController.swift; sourceTree = "<group>"; };
		A7351A471EC5BD2500117057 /* TableViewCell.swift */ = {isa = PBXFileReference; fileEncoding = 4; lastKnownFileType = sourcecode.swift; path = TableViewCell.swift; sourceTree = "<group>"; };
		A75008A01ECC38B7007E26BC /* CoreDataManager.swift */ = {isa = PBXFileReference; fileEncoding = 4; lastKnownFileType = sourcecode.swift; path = CoreDataManager.swift; sourceTree = "<group>"; };
		A751448A1F15324C00EA1AD5 /* UIView + Extensions.swift */ = {isa = PBXFileReference; fileEncoding = 4; lastKnownFileType = sourcecode.swift; path = "UIView + Extensions.swift"; sourceTree = "<group>"; };
		A751448C1F16396800EA1AD5 /* ru */ = {isa = PBXFileReference; lastKnownFileType = text.plist.strings; name = ru; path = ru.lproj/Main.strings; sourceTree = "<group>"; };
		A75144901F164B1700EA1AD5 /* ru */ = {isa = PBXFileReference; lastKnownFileType = text.plist.strings; name = ru; path = ru.lproj/Localizable.strings; sourceTree = "<group>"; };
		A754A0B81F07A1DB007381B5 /* State.swift */ = {isa = PBXFileReference; fileEncoding = 4; lastKnownFileType = sourcecode.swift; path = State.swift; sourceTree = "<group>"; };
		A75611481EC4943D0019BEC3 /* ClockView.swift */ = {isa = PBXFileReference; fileEncoding = 4; lastKnownFileType = sourcecode.swift; path = ClockView.swift; sourceTree = "<group>"; };
		A761602D1EC4512600616AE0 /* PomodoroViewController.swift */ = {isa = PBXFileReference; fileEncoding = 4; lastKnownFileType = sourcecode.swift; path = PomodoroViewController.swift; sourceTree = "<group>"; };
		A77B12F51F1C9A8900D26F5C /* GradientView.swift */ = {isa = PBXFileReference; fileEncoding = 4; lastKnownFileType = sourcecode.swift; path = GradientView.swift; sourceTree = "<group>"; };
		A77B12F71F1CAE3700D26F5C /* PomodoroCountPickerView.swift */ = {isa = PBXFileReference; fileEncoding = 4; lastKnownFileType = sourcecode.swift; path = PomodoroCountPickerView.swift; sourceTree = "<group>"; };
		A77FFA051F1378FE00A2B4A3 /* SettingViewController.swift */ = {isa = PBXFileReference; fileEncoding = 4; lastKnownFileType = sourcecode.swift; path = SettingViewController.swift; sourceTree = "<group>"; };
		A77FFA071F138C0A00A2B4A3 /* Settings.swift */ = {isa = PBXFileReference; fileEncoding = 4; lastKnownFileType = sourcecode.swift; path = Settings.swift; sourceTree = "<group>"; };
		A77FFA091F13CFE600A2B4A3 /* NavBar + Extension.swift */ = {isa = PBXFileReference; fileEncoding = 4; lastKnownFileType = sourcecode.swift; path = "NavBar + Extension.swift"; sourceTree = "<group>"; };
		A78CFE001F20E7AA0001892C /* endClockSound.mp3 */ = {isa = PBXFileReference; lastKnownFileType = audio.mp3; path = endClockSound.mp3; sourceTree = "<group>"; };
		A78CFE011F20E7AA0001892C /* tickingSound.mp3 */ = {isa = PBXFileReference; lastKnownFileType = audio.mp3; path = tickingSound.mp3; sourceTree = "<group>"; };
		A797FD761F06544F006E234A /* Constants.swift */ = {isa = PBXFileReference; fileEncoding = 4; lastKnownFileType = sourcecode.swift; path = Constants.swift; sourceTree = "<group>"; };
		A79CB44D1F18B6BA00F6F126 /* PlannedPomodoroView.swift */ = {isa = PBXFileReference; fileEncoding = 4; lastKnownFileType = sourcecode.swift; path = PlannedPomodoroView.swift; sourceTree = "<group>"; };
		A7DA017E1ECAC7C000623CB8 /* Array + Extensions.swift */ = {isa = PBXFileReference; fileEncoding = 4; lastKnownFileType = sourcecode.swift; path = "Array + Extensions.swift"; sourceTree = "<group>"; };
		A7FE09C71F1E3588001F0DC2 /* NotificationCenter + Extensions.swift */ = {isa = PBXFileReference; fileEncoding = 4; lastKnownFileType = sourcecode.swift; path = "NotificationCenter + Extensions.swift"; sourceTree = "<group>"; };
		F1F41601C2C9B1A6FF37725A /* Pods_tomato_do.framework */ = {isa = PBXFileReference; explicitFileType = wrapper.framework; includeInIndex = 0; path = Pods_tomato_do.framework; sourceTree = BUILT_PRODUCTS_DIR; };
/* End PBXFileReference section */

/* Begin PBXFrameworksBuildPhase section */
		2C1F1B541EAFBC7C002626B7 /* Frameworks */ = {
			isa = PBXFrameworksBuildPhase;
			buildActionMask = 2147483647;
			files = (
				FDA05B59E8D1B7C400F3DCAB /* Pods_tomato_do.framework in Frameworks */,
			);
			runOnlyForDeploymentPostprocessing = 0;
		};
/* End PBXFrameworksBuildPhase section */

/* Begin PBXGroup section */
		0F0C6FF891763246F95DE645 /* Pods */ = {
			isa = PBXGroup;
			children = (
				3F0A32F4B32C77566D66D4BB /* Pods-tomato-do.debug.xcconfig */,
				85374693008CB05A7CEAC851 /* Pods-tomato-do.release.xcconfig */,
			);
			name = Pods;
			sourceTree = "<group>";
		};
		2C1F1B4E1EAFBC7C002626B7 = {
			isa = PBXGroup;
			children = (
				A75144911F164B1700EA1AD5 /* Localizable.strings */,
				2C1F1B591EAFBC7C002626B7 /* tomato-do */,
				2C1F1B581EAFBC7C002626B7 /* Products */,
				0F0C6FF891763246F95DE645 /* Pods */,
				A837AE9801ADDBDD503E5654 /* Frameworks */,
			);
			sourceTree = "<group>";
		};
		2C1F1B581EAFBC7C002626B7 /* Products */ = {
			isa = PBXGroup;
			children = (
				2C1F1B571EAFBC7C002626B7 /* tomato-do.app */,
			);
			name = Products;
			sourceTree = "<group>";
		};
		2C1F1B591EAFBC7C002626B7 /* tomato-do */ = {
			isa = PBXGroup;
			children = (
				A78CFDFF1F20E7AA0001892C /* Resources */,
				2C1F1B5A1EAFBC7C002626B7 /* AppDelegate.swift */,
				2CDDABC11EB77D2F007E20A4 /* AddTaskViewController.swift */,
				A75611481EC4943D0019BEC3 /* ClockView.swift */,
				A797FD761F06544F006E234A /* Constants.swift */,
				A75008A01ECC38B7007E26BC /* CoreDataManager.swift */,
				A7DA01801ECAC80500623CB8 /* Extensions */,
				A77B12F51F1C9A8900D26F5C /* GradientView.swift */,
				A726ABD31F054D770012E0EF /* MiniPomodoroCollectionView.swift */,
				A72BDACE1F0274B600657922 /* MiniPomodoroView.swift */,
				A79CB44D1F18B6BA00F6F126 /* PlannedPomodoroView.swift */,
				A77B12F71F1CAE3700D26F5C /* PomodoroCountPickerView.swift */,
				A761602D1EC4512600616AE0 /* PomodoroViewController.swift */,
				2C0A8C731EB78595005B8090 /* R.generated.swift */,
				A77FFA051F1378FE00A2B4A3 /* SettingViewController.swift */,
				A77FFA071F138C0A00A2B4A3 /* Settings.swift */,
				A72FF9041F2B84E000D1F01B /* SpeechRecognitionController.swift */,
				A754A0B81F07A1DB007381B5 /* State.swift */,
				A7351A471EC5BD2500117057 /* TableViewCell.swift */,
				2C1F1B5E1EAFBC7C002626B7 /* Main.storyboard */,
				2C1F1B661EAFBC7C002626B7 /* LaunchScreen.storyboard */,
				2C1F1B641EAFBC7C002626B7 /* Assets.xcassets */,
				2C1F1B691EAFBC7C002626B7 /* Info.plist */,
				2C1F1B611EAFBC7C002626B7 /* tomato_do.xcdatamodeld */,
			);
			path = "tomato-do";
			sourceTree = "<group>";
		};
		A78CFDFF1F20E7AA0001892C /* Resources */ = {
			isa = PBXGroup;
			children = (
				A78CFE001F20E7AA0001892C /* endClockSound.mp3 */,
				A78CFE011F20E7AA0001892C /* tickingSound.mp3 */,
			);
			path = Resources;
			sourceTree = "<group>";
		};
		A7DA01801ECAC80500623CB8 /* Extensions */ = {
			isa = PBXGroup;
			children = (
				A7DA017E1ECAC7C000623CB8 /* Array + Extensions.swift */,
				A77FFA091F13CFE600A2B4A3 /* NavBar + Extension.swift */,
				A751448A1F15324C00EA1AD5 /* UIView + Extensions.swift */,
				A7FE09C71F1E3588001F0DC2 /* NotificationCenter + Extensions.swift */,
			);
			name = Extensions;
			sourceTree = "<group>";
		};
		A837AE9801ADDBDD503E5654 /* Frameworks */ = {
			isa = PBXGroup;
			children = (
				F1F41601C2C9B1A6FF37725A /* Pods_tomato_do.framework */,
			);
			name = Frameworks;
			sourceTree = "<group>";
		};
/* End PBXGroup section */

/* Begin PBXNativeTarget section */
		2C1F1B561EAFBC7C002626B7 /* tomato-do */ = {
			isa = PBXNativeTarget;
			buildConfigurationList = 2C1F1B6C1EAFBC7C002626B7 /* Build configuration list for PBXNativeTarget "tomato-do" */;
			buildPhases = (
				2A57583D82192B567F03EBC1 /* [CP] Check Pods Manifest.lock */,
				2CDDABC41EB78269007E20A4 /* Run script - R.swift */,
				A7B867841F00F7F500BB5228 /* Run script (SwiftLint) */,
				2C1F1B531EAFBC7C002626B7 /* Sources */,
				2C1F1B541EAFBC7C002626B7 /* Frameworks */,
				2C1F1B551EAFBC7C002626B7 /* Resources */,
				B8CE2302BEF440246DE03F41 /* [CP] Embed Pods Frameworks */,
				9635096C8B731DB607FB700A /* [CP] Copy Pods Resources */,
			);
			buildRules = (
			);
			dependencies = (
			);
			name = "tomato-do";
			productName = "tomato-do";
			productReference = 2C1F1B571EAFBC7C002626B7 /* tomato-do.app */;
			productType = "com.apple.product-type.application";
		};
/* End PBXNativeTarget section */

/* Begin PBXProject section */
		2C1F1B4F1EAFBC7C002626B7 /* Project object */ = {
			isa = PBXProject;
			attributes = {
				LastSwiftUpdateCheck = 0830;
				LastUpgradeCheck = 0830;
				ORGANIZATIONNAME = "Иван Лазарев";
				TargetAttributes = {
					2C1F1B561EAFBC7C002626B7 = {
						CreatedOnToolsVersion = 8.3;
						DevelopmentTeam = 57QLMT5UKX;
						ProvisioningStyle = Automatic;
					};
				};
			};
			buildConfigurationList = 2C1F1B521EAFBC7C002626B7 /* Build configuration list for PBXProject "tomato-do" */;
			compatibilityVersion = "Xcode 3.2";
			developmentRegion = English;
			hasScannedForEncodings = 0;
			knownRegions = (
				en,
				Base,
			);
			mainGroup = 2C1F1B4E1EAFBC7C002626B7;
			productRefGroup = 2C1F1B581EAFBC7C002626B7 /* Products */;
			projectDirPath = "";
			projectRoot = "";
			targets = (
				2C1F1B561EAFBC7C002626B7 /* tomato-do */,
			);
		};
/* End PBXProject section */

/* Begin PBXResourcesBuildPhase section */
		2C1F1B551EAFBC7C002626B7 /* Resources */ = {
			isa = PBXResourcesBuildPhase;
			buildActionMask = 2147483647;
			files = (
				A78CFE031F20E7AA0001892C /* tickingSound.mp3 in Resources */,
				2C1F1B681EAFBC7C002626B7 /* LaunchScreen.storyboard in Resources */,
				A78CFE021F20E7AA0001892C /* endClockSound.mp3 in Resources */,
				A751448F1F164B1700EA1AD5 /* Localizable.strings in Resources */,
				2C1F1B651EAFBC7C002626B7 /* Assets.xcassets in Resources */,
				2C1F1B601EAFBC7C002626B7 /* Main.storyboard in Resources */,
			);
			runOnlyForDeploymentPostprocessing = 0;
		};
/* End PBXResourcesBuildPhase section */

/* Begin PBXShellScriptBuildPhase section */
		2A57583D82192B567F03EBC1 /* [CP] Check Pods Manifest.lock */ = {
			isa = PBXShellScriptBuildPhase;
			buildActionMask = 2147483647;
			files = (
			);
			inputPaths = (
			);
			name = "[CP] Check Pods Manifest.lock";
			outputPaths = (
			);
			runOnlyForDeploymentPostprocessing = 0;
			shellPath = /bin/sh;
			shellScript = "diff \"${PODS_PODFILE_DIR_PATH}/Podfile.lock\" \"${PODS_ROOT}/Manifest.lock\" > /dev/null\nif [ $? != 0 ] ; then\n    # print error to STDERR\n    echo \"error: The sandbox is not in sync with the Podfile.lock. Run 'pod install' or update your CocoaPods installation.\" >&2\n    exit 1\nfi\n";
			showEnvVarsInLog = 0;
		};
		2CDDABC41EB78269007E20A4 /* Run script - R.swift */ = {
			isa = PBXShellScriptBuildPhase;
			buildActionMask = 2147483647;
			files = (
			);
			inputPaths = (
			);
			name = "Run script - R.swift";
			outputPaths = (
			);
			runOnlyForDeploymentPostprocessing = 0;
			shellPath = /bin/sh;
			shellScript = "\"$PODS_ROOT/R.swift/rswift\" \"$SRCROOT\"";
		};
		9635096C8B731DB607FB700A /* [CP] Copy Pods Resources */ = {
			isa = PBXShellScriptBuildPhase;
			buildActionMask = 2147483647;
			files = (
			);
			inputPaths = (
			);
			name = "[CP] Copy Pods Resources";
			outputPaths = (
			);
			runOnlyForDeploymentPostprocessing = 0;
			shellPath = /bin/sh;
			shellScript = "\"${SRCROOT}/Pods/Target Support Files/Pods-tomato-do/Pods-tomato-do-resources.sh\"\n";
			showEnvVarsInLog = 0;
		};
		A7B867841F00F7F500BB5228 /* Run script (SwiftLint) */ = {
			isa = PBXShellScriptBuildPhase;
			buildActionMask = 2147483647;
			files = (
			);
			inputPaths = (
			);
			name = "Run script (SwiftLint)";
			outputPaths = (
			);
			runOnlyForDeploymentPostprocessing = 0;
			shellPath = /bin/sh;
			shellScript = "\"${PODS_ROOT}/SwiftLint/swiftlint\"";
		};
		B8CE2302BEF440246DE03F41 /* [CP] Embed Pods Frameworks */ = {
			isa = PBXShellScriptBuildPhase;
			buildActionMask = 2147483647;
			files = (
			);
			inputPaths = (
			);
			name = "[CP] Embed Pods Frameworks";
			outputPaths = (
			);
			runOnlyForDeploymentPostprocessing = 0;
			shellPath = /bin/sh;
			shellScript = "\"${SRCROOT}/Pods/Target Support Files/Pods-tomato-do/Pods-tomato-do-frameworks.sh\"\n";
			showEnvVarsInLog = 0;
		};
/* End PBXShellScriptBuildPhase section */

/* Begin PBXSourcesBuildPhase section */
		2C1F1B531EAFBC7C002626B7 /* Sources */ = {
			isa = PBXSourcesBuildPhase;
			buildActionMask = 2147483647;
			files = (
				A7DA017F1ECAC7C000623CB8 /* Array + Extensions.swift in Sources */,
				A7351A481EC5BD2500117057 /* TableViewCell.swift in Sources */,
				A77B12F61F1C9A8900D26F5C /* GradientView.swift in Sources */,
				A72BDACF1F0274B600657922 /* MiniPomodoroView.swift in Sources */,
				2CDDABC21EB77D2F007E20A4 /* AddTaskViewController.swift in Sources */,
				2C0A8C741EB78595005B8090 /* R.generated.swift in Sources */,
				A77FFA0A1F13CFE700A2B4A3 /* NavBar + Extension.swift in Sources */,
				A77FFA061F1378FE00A2B4A3 /* SettingViewController.swift in Sources */,
				A726ABD41F054D770012E0EF /* MiniPomodoroCollectionView.swift in Sources */,
				A77B12F81F1CAE3700D26F5C /* PomodoroCountPickerView.swift in Sources */,
				A761602E1EC4512600616AE0 /* PomodoroViewController.swift in Sources */,
				A75611491EC4943D0019BEC3 /* ClockView.swift in Sources */,
				A751448B1F15324C00EA1AD5 /* UIView + Extensions.swift in Sources */,
				A77FFA081F138C0A00A2B4A3 /* Settings.swift in Sources */,
				A79CB44E1F18B6BA00F6F126 /* PlannedPomodoroView.swift in Sources */,
				A72FF9051F2B84E000D1F01B /* SpeechRecognitionController.swift in Sources */,
				2C1F1B5B1EAFBC7C002626B7 /* AppDelegate.swift in Sources */,
				A75008A11ECC38B7007E26BC /* CoreDataManager.swift in Sources */,
				2C1F1B631EAFBC7C002626B7 /* tomato_do.xcdatamodeld in Sources */,
				A754A0B91F07A1DB007381B5 /* State.swift in Sources */,
				A7FE09C81F1E3588001F0DC2 /* NotificationCenter + Extensions.swift in Sources */,
				A797FD771F06544F006E234A /* Constants.swift in Sources */,
			);
			runOnlyForDeploymentPostprocessing = 0;
		};
/* End PBXSourcesBuildPhase section */

/* Begin PBXVariantGroup section */
		2C1F1B5E1EAFBC7C002626B7 /* Main.storyboard */ = {
			isa = PBXVariantGroup;
			children = (
				2C1F1B5F1EAFBC7C002626B7 /* Base */,
				A751448C1F16396800EA1AD5 /* ru */,
			);
			name = Main.storyboard;
			sourceTree = "<group>";
		};
		2C1F1B661EAFBC7C002626B7 /* LaunchScreen.storyboard */ = {
			isa = PBXVariantGroup;
			children = (
				2C1F1B671EAFBC7C002626B7 /* Base */,
			);
			name = LaunchScreen.storyboard;
			sourceTree = "<group>";
		};
		A75144911F164B1700EA1AD5 /* Localizable.strings */ = {
			isa = PBXVariantGroup;
			children = (
				A75144901F164B1700EA1AD5 /* ru */,
			);
			name = Localizable.strings;
			path = "tomato-do";
			sourceTree = "<group>";
		};
/* End PBXVariantGroup section */

/* Begin XCBuildConfiguration section */
		2C1F1B6A1EAFBC7C002626B7 /* Debug */ = {
			isa = XCBuildConfiguration;
			buildSettings = {
				ALWAYS_SEARCH_USER_PATHS = NO;
				CLANG_ANALYZER_LOCALIZABILITY_NONLOCALIZED = YES;
				CLANG_ANALYZER_NONNULL = YES;
				CLANG_ANALYZER_NUMBER_OBJECT_CONVERSION = YES_AGGRESSIVE;
				CLANG_CXX_LANGUAGE_STANDARD = "gnu++0x";
				CLANG_CXX_LIBRARY = "libc++";
				CLANG_ENABLE_MODULES = YES;
				CLANG_ENABLE_OBJC_ARC = YES;
				CLANG_WARN_BOOL_CONVERSION = YES;
				CLANG_WARN_CONSTANT_CONVERSION = YES;
				CLANG_WARN_DIRECT_OBJC_ISA_USAGE = YES_ERROR;
				CLANG_WARN_DOCUMENTATION_COMMENTS = YES;
				CLANG_WARN_EMPTY_BODY = YES;
				CLANG_WARN_ENUM_CONVERSION = YES;
				CLANG_WARN_INFINITE_RECURSION = YES;
				CLANG_WARN_INT_CONVERSION = YES;
				CLANG_WARN_OBJC_ROOT_CLASS = YES_ERROR;
				CLANG_WARN_SUSPICIOUS_MOVE = YES;
				CLANG_WARN_UNREACHABLE_CODE = YES;
				CLANG_WARN__DUPLICATE_METHOD_MATCH = YES;
				"CODE_SIGN_IDENTITY[sdk=iphoneos*]" = "iPhone Developer";
				COPY_PHASE_STRIP = NO;
				DEBUG_ACTIVITY_MODE = "";
				"DEBUG_ACTIVITY_MODE[sdk=iphonesimulator*]" = disable;
				DEBUG_INFORMATION_FORMAT = dwarf;
				ENABLE_STRICT_OBJC_MSGSEND = YES;
				ENABLE_TESTABILITY = YES;
				GCC_C_LANGUAGE_STANDARD = gnu99;
				GCC_DYNAMIC_NO_PIC = NO;
				GCC_NO_COMMON_BLOCKS = YES;
				GCC_OPTIMIZATION_LEVEL = 0;
				GCC_PREPROCESSOR_DEFINITIONS = (
					"DEBUG=1",
					"$(inherited)",
				);
				GCC_WARN_64_TO_32_BIT_CONVERSION = YES;
				GCC_WARN_ABOUT_RETURN_TYPE = YES_ERROR;
				GCC_WARN_UNDECLARED_SELECTOR = YES;
				GCC_WARN_UNINITIALIZED_AUTOS = YES_AGGRESSIVE;
				GCC_WARN_UNUSED_FUNCTION = YES;
				GCC_WARN_UNUSED_VARIABLE = YES;
				IPHONEOS_DEPLOYMENT_TARGET = 10.3;
				MTL_ENABLE_DEBUG_INFO = YES;
				ONLY_ACTIVE_ARCH = YES;
				SDKROOT = iphoneos;
				SWIFT_ACTIVE_COMPILATION_CONDITIONS = DEBUG;
				SWIFT_OPTIMIZATION_LEVEL = "-Onone";
			};
			name = Debug;
		};
		2C1F1B6B1EAFBC7C002626B7 /* Release */ = {
			isa = XCBuildConfiguration;
			buildSettings = {
				ALWAYS_SEARCH_USER_PATHS = NO;
				CLANG_ANALYZER_LOCALIZABILITY_NONLOCALIZED = YES;
				CLANG_ANALYZER_NONNULL = YES;
				CLANG_ANALYZER_NUMBER_OBJECT_CONVERSION = YES_AGGRESSIVE;
				CLANG_CXX_LANGUAGE_STANDARD = "gnu++0x";
				CLANG_CXX_LIBRARY = "libc++";
				CLANG_ENABLE_MODULES = YES;
				CLANG_ENABLE_OBJC_ARC = YES;
				CLANG_WARN_BOOL_CONVERSION = YES;
				CLANG_WARN_CONSTANT_CONVERSION = YES;
				CLANG_WARN_DIRECT_OBJC_ISA_USAGE = YES_ERROR;
				CLANG_WARN_DOCUMENTATION_COMMENTS = YES;
				CLANG_WARN_EMPTY_BODY = YES;
				CLANG_WARN_ENUM_CONVERSION = YES;
				CLANG_WARN_INFINITE_RECURSION = YES;
				CLANG_WARN_INT_CONVERSION = YES;
				CLANG_WARN_OBJC_ROOT_CLASS = YES_ERROR;
				CLANG_WARN_SUSPICIOUS_MOVE = YES;
				CLANG_WARN_UNREACHABLE_CODE = YES;
				CLANG_WARN__DUPLICATE_METHOD_MATCH = YES;
				"CODE_SIGN_IDENTITY[sdk=iphoneos*]" = "iPhone Developer";
				COPY_PHASE_STRIP = NO;
				DEBUG_ACTIVITY_MODE = "";
				DEBUG_INFORMATION_FORMAT = "dwarf-with-dsym";
				ENABLE_NS_ASSERTIONS = NO;
				ENABLE_STRICT_OBJC_MSGSEND = YES;
				GCC_C_LANGUAGE_STANDARD = gnu99;
				GCC_NO_COMMON_BLOCKS = YES;
				GCC_WARN_64_TO_32_BIT_CONVERSION = YES;
				GCC_WARN_ABOUT_RETURN_TYPE = YES_ERROR;
				GCC_WARN_UNDECLARED_SELECTOR = YES;
				GCC_WARN_UNINITIALIZED_AUTOS = YES_AGGRESSIVE;
				GCC_WARN_UNUSED_FUNCTION = YES;
				GCC_WARN_UNUSED_VARIABLE = YES;
				IPHONEOS_DEPLOYMENT_TARGET = 10.3;
				MTL_ENABLE_DEBUG_INFO = NO;
				SDKROOT = iphoneos;
				SWIFT_OPTIMIZATION_LEVEL = "-Owholemodule";
				VALIDATE_PRODUCT = YES;
			};
			name = Release;
		};
		2C1F1B6D1EAFBC7C002626B7 /* Debug */ = {
			isa = XCBuildConfiguration;
			baseConfigurationReference = 3F0A32F4B32C77566D66D4BB /* Pods-tomato-do.debug.xcconfig */;
			buildSettings = {
				ASSETCATALOG_COMPILER_APPICON_NAME = AppIcon;
				DEVELOPMENT_TEAM = 57QLMT5UKX;
				INFOPLIST_FILE = "tomato-do/Info.plist";
				LD_RUNPATH_SEARCH_PATHS = "$(inherited) @executable_path/Frameworks";
				PRODUCT_BUNDLE_IDENTIFIER = "ivkis.tomato-do";
				PRODUCT_NAME = "$(TARGET_NAME)";
				SWIFT_VERSION = 3.0;
			};
			name = Debug;
		};
		2C1F1B6E1EAFBC7C002626B7 /* Release */ = {
			isa = XCBuildConfiguration;
			baseConfigurationReference = 85374693008CB05A7CEAC851 /* Pods-tomato-do.release.xcconfig */;
			buildSettings = {
				ASSETCATALOG_COMPILER_APPICON_NAME = AppIcon;
				DEVELOPMENT_TEAM = 57QLMT5UKX;
				INFOPLIST_FILE = "tomato-do/Info.plist";
				LD_RUNPATH_SEARCH_PATHS = "$(inherited) @executable_path/Frameworks";
				PRODUCT_BUNDLE_IDENTIFIER = "ivkis.tomato-do";
				PRODUCT_NAME = "$(TARGET_NAME)";
				SWIFT_VERSION = 3.0;
			};
			name = Release;
		};
/* End XCBuildConfiguration section */

/* Begin XCConfigurationList section */
		2C1F1B521EAFBC7C002626B7 /* Build configuration list for PBXProject "tomato-do" */ = {
			isa = XCConfigurationList;
			buildConfigurations = (
				2C1F1B6A1EAFBC7C002626B7 /* Debug */,
				2C1F1B6B1EAFBC7C002626B7 /* Release */,
			);
			defaultConfigurationIsVisible = 0;
			defaultConfigurationName = Release;
		};
		2C1F1B6C1EAFBC7C002626B7 /* Build configuration list for PBXNativeTarget "tomato-do" */ = {
			isa = XCConfigurationList;
			buildConfigurations = (
				2C1F1B6D1EAFBC7C002626B7 /* Debug */,
				2C1F1B6E1EAFBC7C002626B7 /* Release */,
			);
			defaultConfigurationIsVisible = 0;
			defaultConfigurationName = Release;
		};
/* End XCConfigurationList section */

/* Begin XCVersionGroup section */
		2C1F1B611EAFBC7C002626B7 /* tomato_do.xcdatamodeld */ = {
			isa = XCVersionGroup;
			children = (
				2C1F1B621EAFBC7C002626B7 /* tomato_do.xcdatamodel */,
			);
			currentVersion = 2C1F1B621EAFBC7C002626B7 /* tomato_do.xcdatamodel */;
			path = tomato_do.xcdatamodeld;
			sourceTree = "<group>";
			versionGroupType = wrapper.xcdatamodel;
		};
/* End XCVersionGroup section */
	};
	rootObject = 2C1F1B4F1EAFBC7C002626B7 /* Project object */;
}
